
Microsoft Visual Studio Solution File, Format Version 12.00
# Visual Studio Version 17
VisualStudioVersion = 17.13.35913.81
MinimumVisualStudioVersion = 10.0.40219.1
Project("{FAE04EC0-301F-11D3-BF4B-00C04F79EFBC}") = "Northwind.EntityModels.SqlServer", "Northwind.EntityModels.SqlServer\Northwind.EntityModels.SqlServer.csproj", "{9511C290-FBF1-43D3-BE12-20315E7B28AB}"
EndProject
Project("{FAE04EC0-301F-11D3-BF4B-00C04F79EFBC}") = "Northwind.DataContext.SqlServer", "Northwind.DataContext.SqlServer\Northwind.DataContext.SqlServer.csproj", "{65EF3372-B44C-42C6-A0CC-1763825781F1}"
EndProject
Project("{FAE04EC0-301F-11D3-BF4B-00C04F79EFBC}") = "Northwind.UnitTests", "Northwind.UnitTests\Northwind.UnitTests.csproj", "{A582A128-FEA2-4B2C-8CE8-B385F608A1F8}"
EndProject
Project("{FAE04EC0-301F-11D3-BF4B-00C04F79EFBC}") = "Northwind.Web", "Northwind.Web2\Northwind.Web.csproj", "{24A08C4C-C4BC-43E3-B24F-D6DF480C0EEB}"
EndProject
Project("{FAE04EC0-301F-11D3-BF4B-00C04F79EFBC}") = "Northwind.Razor.Employees", "Northwind.Razor.Employees\Northwind.Razor.Employees.csproj", "{5896DB96-9F3A-441A-BAEF-C4FCECE76D95}"
EndProject
Project("{FAE04EC0-301F-11D3-BF4B-00C04F79EFBC}") = "Northwind.Mvc", "Northwind.Mvc\Northwind.Mvc.csproj", "{B33F535F-24CA-42D1-BBFA-0FC7EAF30831}"
EndProject
Global
	GlobalSection(SolutionConfigurationPlatforms) = preSolution
		Debug|Any CPU = Debug|Any CPU
		Release|Any CPU = Release|Any CPU
	EndGlobalSection
	GlobalSection(ProjectConfigurationPlatforms) = postSolution
		{9511C290-FBF1-43D3-BE12-20315E7B28AB}.Debug|Any CPU.ActiveCfg = Debug|Any CPU
		{9511C290-FBF1-43D3-BE12-20315E7B28AB}.Debug|Any CPU.Build.0 = Debug|Any CPU
		{9511C290-FBF1-43D3-BE12-20315E7B28AB}.Release|Any CPU.ActiveCfg = Release|Any CPU
		{9511C290-FBF1-43D3-BE12-20315E7B28AB}.Release|Any CPU.Build.0 = Release|Any CPU
		{65EF3372-B44C-42C6-A0CC-1763825781F1}.Debug|Any CPU.ActiveCfg = Debug|Any CPU
		{65EF3372-B44C-42C6-A0CC-1763825781F1}.Debug|Any CPU.Build.0 = Debug|Any CPU
		{65EF3372-B44C-42C6-A0CC-1763825781F1}.Release|Any CPU.ActiveCfg = Release|Any CPU
		{65EF3372-B44C-42C6-A0CC-1763825781F1}.Release|Any CPU.Build.0 = Release|Any CPU
		{A582A128-FEA2-4B2C-8CE8-B385F608A1F8}.Debug|Any CPU.ActiveCfg = Debug|Any CPU
		{A582A128-FEA2-4B2C-8CE8-B385F608A1F8}.Debug|Any CPU.Build.0 = Debug|Any CPU
		{A582A128-FEA2-4B2C-8CE8-B385F608A1F8}.Release|Any CPU.ActiveCfg = Release|Any CPU
		{A582A128-FEA2-4B2C-8CE8-B385F608A1F8}.Release|Any CPU.Build.0 = Release|Any CPU
		{24A08C4C-C4BC-43E3-B24F-D6DF480C0EEB}.Debug|Any CPU.ActiveCfg = Debug|Any CPU
		{24A08C4C-C4BC-43E3-B24F-D6DF480C0EEB}.Debug|Any CPU.Build.0 = Debug|Any CPU
		{24A08C4C-C4BC-43E3-B24F-D6DF480C0EEB}.Release|Any CPU.ActiveCfg = Release|Any CPU
		{24A08C4C-C4BC-43E3-B24F-D6DF480C0EEB}.Release|Any CPU.Build.0 = Release|Any CPU
		{5896DB96-9F3A-441A-BAEF-C4FCECE76D95}.Debug|Any CPU.ActiveCfg = Debug|Any CPU
		{5896DB96-9F3A-441A-BAEF-C4FCECE76D95}.Debug|Any CPU.Build.0 = Debug|Any CPU
		{5896DB96-9F3A-441A-BAEF-C4FCECE76D95}.Release|Any CPU.ActiveCfg = Release|Any CPU
		{5896DB96-9F3A-441A-BAEF-C4FCECE76D95}.Release|Any CPU.Build.0 = Release|Any CPU
		{B33F535F-24CA-42D1-BBFA-0FC7EAF30831}.Debug|Any CPU.ActiveCfg = Debug|Any CPU
		{B33F535F-24CA-42D1-BBFA-0FC7EAF30831}.Debug|Any CPU.Build.0 = Debug|Any CPU
		{B33F535F-24CA-42D1-BBFA-0FC7EAF30831}.Release|Any CPU.ActiveCfg = Release|Any CPU
		{B33F535F-24CA-42D1-BBFA-0FC7EAF30831}.Release|Any CPU.Build.0 = Release|Any CPU
	EndGlobalSection
	GlobalSection(SolutionProperties) = preSolution
		HideSolutionNode = FALSE
	EndGlobalSection
	GlobalSection(ExtensibilityGlobals) = postSolution
		SolutionGuid = {1CA1F111-1FA6-4B93-8522-9E1C27167832}
	EndGlobalSection
EndGlobal
